
Microsoft Visual Studio Solution File, Format Version 12.00
# Visual Studio Version 17
VisualStudioVersion = 17.0.31903.59
MinimumVisualStudioVersion = 10.0.40219.1
Project("{FAE04EC0-301F-11D3-BF4B-00C04F79EFBC}") = "Domain", "Domain\Domain.csproj", "{B36EB758-E326-4F19-AB0C-3822CEE415E1}"
EndProject
Project("{FAE04EC0-301F-11D3-BF4B-00C04F79EFBC}") = "Infrastructure", "Infrastructure\Infrastructure.csproj", "{9D88C73E-F2A4-4663-921A-B8D2CD6AC759}"
EndProject
Project("{FAE04EC0-301F-11D3-BF4B-00C04F79EFBC}") = "WebApi", "WebApi\WebApi.csproj", "{0530B5FB-BACA-4CD7-AF56-8C3DA9DCF867}"
EndProject
Global
	GlobalSection(SolutionConfigurationPlatforms) = preSolution
		Debug|Any CPU = Debug|Any CPU
		Release|Any CPU = Release|Any CPU
	EndGlobalSection
	GlobalSection(SolutionProperties) = preSolution
		HideSolutionNode = FALSE
	EndGlobalSection
	GlobalSection(ProjectConfigurationPlatforms) = postSolution
		{B36EB758-E326-4F19-AB0C-3822CEE415E1}.Debug|Any CPU.ActiveCfg = Debug|Any CPU
		{B36EB758-E326-4F19-AB0C-3822CEE415E1}.Debug|Any CPU.Build.0 = Debug|Any CPU
		{B36EB758-E326-4F19-AB0C-3822CEE415E1}.Release|Any CPU.ActiveCfg = Release|Any CPU
		{B36EB758-E326-4F19-AB0C-3822CEE415E1}.Release|Any CPU.Build.0 = Release|Any CPU
		{9D88C73E-F2A4-4663-921A-B8D2CD6AC759}.Debug|Any CPU.ActiveCfg = Debug|Any CPU
		{9D88C73E-F2A4-4663-921A-B8D2CD6AC759}.Debug|Any CPU.Build.0 = Debug|Any CPU
		{9D88C73E-F2A4-4663-921A-B8D2CD6AC759}.Release|Any CPU.ActiveCfg = Release|Any CPU
		{9D88C73E-F2A4-4663-921A-B8D2CD6AC759}.Release|Any CPU.Build.0 = Release|Any CPU
		{0530B5FB-BACA-4CD7-AF56-8C3DA9DCF867}.Debug|Any CPU.ActiveCfg = Debug|Any CPU
		{0530B5FB-BACA-4CD7-AF56-8C3DA9DCF867}.Debug|Any CPU.Build.0 = Debug|Any CPU
		{0530B5FB-BACA-4CD7-AF56-8C3DA9DCF867}.Release|Any CPU.ActiveCfg = Release|Any CPU
		{0530B5FB-BACA-4CD7-AF56-8C3DA9DCF867}.Release|Any CPU.Build.0 = Release|Any CPU
	EndGlobalSection
EndGlobal
